
Microsoft Visual Studio Solution File, Format Version 12.00
# Visual Studio Version 17
VisualStudioVersion = 17.11.35222.181
MinimumVisualStudioVersion = 10.0.40219.1
Project("{9A19103F-16F7-4668-BE54-9A1E7A4F7556}") = "WMS.Domain", "WMS.Domain\WMS.Domain.csproj", "{8C15E3D0-6268-4163-8B77-34B21AEC06E0}"
EndProject
Project("{9A19103F-16F7-4668-BE54-9A1E7A4F7556}") = "WMS.Application", "WMS.Application\WMS.Application.csproj", "{C12316B4-4558-454E-B051-4C3696067A98}"
EndProject
Project("{9A19103F-16F7-4668-BE54-9A1E7A4F7556}") = "WMS.Infrastructure", "WMS.Infrastructure\WMS.Infrastructure.csproj", "{6894EAA7-5F9E-41E9-9437-09A504A71E09}"
EndProject
Project("{9A19103F-16F7-4668-BE54-9A1E7A4F7556}") = "WMS.Api", "WMS.Api\WMS.Api.csproj", "{C370362B-EB48-4912-BD28-19921820F0E3}"
EndProject
Project("{9A19103F-16F7-4668-BE54-9A1E7A4F7556}") = "WMS.Client", "WMS.Client\WMS.Client.csproj", "{AB68E47F-2E9D-40B2-B4E6-1EFCD486E7FB}"
EndProject
Project("{9A19103F-16F7-4668-BE54-9A1E7A4F7556}") = "WMS.Api.IntegrationTests", "WMS.Api.IntegrationTests\WMS.Api.IntegrationTests.csproj", "{14F9AAAF-25E8-4DC1-8480-6C81885D5993}"
EndProject
Project("{FAE04EC0-301F-11D3-BF4B-00C04F79EFBC}") = "WMS.Application.UnitTests", "WMS.Application.UnitTests\WMS.Application.UnitTests.csproj", "{3BD1ED55-4BB4-4EF8-A246-6C41FEE05C53}"
EndProject
Project("{FAE04EC0-301F-11D3-BF4B-00C04F79EFBC}") = "WMS.Tests.Common", "WMS.Tests.Common\WMS.Tests.Common.csproj", "{780E9700-AA4A-4E4A-924B-0DF1788DA2E1}"
EndProject
Global
	GlobalSection(SolutionConfigurationPlatforms) = preSolution
		Debug|Any CPU = Debug|Any CPU
		Release|Any CPU = Release|Any CPU
	EndGlobalSection
	GlobalSection(ProjectConfigurationPlatforms) = postSolution
		{8C15E3D0-6268-4163-8B77-34B21AEC06E0}.Debug|Any CPU.ActiveCfg = Debug|Any CPU
		{8C15E3D0-6268-4163-8B77-34B21AEC06E0}.Debug|Any CPU.Build.0 = Debug|Any CPU
		{8C15E3D0-6268-4163-8B77-34B21AEC06E0}.Release|Any CPU.ActiveCfg = Release|Any CPU
		{8C15E3D0-6268-4163-8B77-34B21AEC06E0}.Release|Any CPU.Build.0 = Release|Any CPU
		{C12316B4-4558-454E-B051-4C3696067A98}.Debug|Any CPU.ActiveCfg = Debug|Any CPU
		{C12316B4-4558-454E-B051-4C3696067A98}.Debug|Any CPU.Build.0 = Debug|Any CPU
		{C12316B4-4558-454E-B051-4C3696067A98}.Release|Any CPU.ActiveCfg = Release|Any CPU
		{C12316B4-4558-454E-B051-4C3696067A98}.Release|Any CPU.Build.0 = Release|Any CPU
		{6894EAA7-5F9E-41E9-9437-09A504A71E09}.Debug|Any CPU.ActiveCfg = Debug|Any CPU
		{6894EAA7-5F9E-41E9-9437-09A504A71E09}.Debug|Any CPU.Build.0 = Debug|Any CPU
		{6894EAA7-5F9E-41E9-9437-09A504A71E09}.Release|Any CPU.ActiveCfg = Release|Any CPU
		{6894EAA7-5F9E-41E9-9437-09A504A71E09}.Release|Any CPU.Build.0 = Release|Any CPU
		{C370362B-EB48-4912-BD28-19921820F0E3}.Debug|Any CPU.ActiveCfg = Debug|Any CPU
		{C370362B-EB48-4912-BD28-19921820F0E3}.Debug|Any CPU.Build.0 = Debug|Any CPU
		{C370362B-EB48-4912-BD28-19921820F0E3}.Release|Any CPU.ActiveCfg = Release|Any CPU
		{C370362B-EB48-4912-BD28-19921820F0E3}.Release|Any CPU.Build.0 = Release|Any CPU
		{AB68E47F-2E9D-40B2-B4E6-1EFCD486E7FB}.Debug|Any CPU.ActiveCfg = Debug|Any CPU
		{AB68E47F-2E9D-40B2-B4E6-1EFCD486E7FB}.Debug|Any CPU.Build.0 = Debug|Any CPU
		{AB68E47F-2E9D-40B2-B4E6-1EFCD486E7FB}.Release|Any CPU.ActiveCfg = Release|Any CPU
		{AB68E47F-2E9D-40B2-B4E6-1EFCD486E7FB}.Release|Any CPU.Build.0 = Release|Any CPU
		{14F9AAAF-25E8-4DC1-8480-6C81885D5993}.Debug|Any CPU.ActiveCfg = Debug|Any CPU
		{14F9AAAF-25E8-4DC1-8480-6C81885D5993}.Debug|Any CPU.Build.0 = Debug|Any CPU
		{14F9AAAF-25E8-4DC1-8480-6C81885D5993}.Release|Any CPU.ActiveCfg = Release|Any CPU
		{14F9AAAF-25E8-4DC1-8480-6C81885D5993}.Release|Any CPU.Build.0 = Release|Any CPU
		{3BD1ED55-4BB4-4EF8-A246-6C41FEE05C53}.Debug|Any CPU.ActiveCfg = Debug|Any CPU
		{3BD1ED55-4BB4-4EF8-A246-6C41FEE05C53}.Debug|Any CPU.Build.0 = Debug|Any CPU
		{3BD1ED55-4BB4-4EF8-A246-6C41FEE05C53}.Release|Any CPU.ActiveCfg = Release|Any CPU
		{3BD1ED55-4BB4-4EF8-A246-6C41FEE05C53}.Release|Any CPU.Build.0 = Release|Any CPU
		{780E9700-AA4A-4E4A-924B-0DF1788DA2E1}.Debug|Any CPU.ActiveCfg = Debug|Any CPU
		{780E9700-AA4A-4E4A-924B-0DF1788DA2E1}.Debug|Any CPU.Build.0 = Debug|Any CPU
		{780E9700-AA4A-4E4A-924B-0DF1788DA2E1}.Release|Any CPU.ActiveCfg = Release|Any CPU
		{780E9700-AA4A-4E4A-924B-0DF1788DA2E1}.Release|Any CPU.Build.0 = Release|Any CPU
	EndGlobalSection
	GlobalSection(SolutionProperties) = preSolution
		HideSolutionNode = FALSE
	EndGlobalSection
	GlobalSection(ExtensibilityGlobals) = postSolution
		SolutionGuid = {A2F7B8CD-5569-4EB9-B75F-C8FD25353F72}
	EndGlobalSection
EndGlobal
